PODS:
  - Alamofire (4.4.0)
  - SwiftyDropbox (4.2.2):
    - Alamofire (~> 4.4.0)

DEPENDENCIES:
  - SwiftyDropbox

SPEC CHECKSUMS:
  Alamofire: dc44b1600b800eb63da6a19039a0083d62a6a62d
  SwiftyDropbox: 7b9cf3cc29e3d1b67dc8b7f1aa65c049bb122a34

PODFILE CHECKSUM: 9abaa67d9ca44a28e7a46c60978c5c45ed8bedb9

COCOAPODS: 1.3.1
